
Microsoft Visual Studio Solution File, Format Version 12.00
# Visual Studio Version 16
VisualStudioVersion = 16.0.29709.97
MinimumVisualStudioVersion = 10.0.40219.1
Project("{FAE04EC0-301F-11D3-BF4B-00C04F79EFBC}") = "REMO Engine V1.031", "REMO Engine V1.031\REMO Engine V1.031.csproj", "{068B59E9-CCFE-4D1A-9CA9-D0A1C703A4C7}"
EndProject
Global
	GlobalSection(SolutionConfigurationPlatforms) = preSolution
		Debug|Any CPU = Debug|Any CPU
		Release|Any CPU = Release|Any CPU
	EndGlobalSection
	GlobalSection(ProjectConfigurationPlatforms) = postSolution
		{068B59E9-CCFE-4D1A-9CA9-D0A1C703A4C7}.Debug|Any CPU.ActiveCfg = Debug|Any CPU
		{068B59E9-CCFE-4D1A-9CA9-D0A1C703A4C7}.Debug|Any CPU.Build.0 = Debug|Any CPU
		{068B59E9-CCFE-4D1A-9CA9-D0A1C703A4C7}.Release|Any CPU.ActiveCfg = Release|Any CPU
		{068B59E9-CCFE-4D1A-9CA9-D0A1C703A4C7}.Release|Any CPU.Build.0 = Release|Any CPU
	EndGlobalSection
	GlobalSection(SolutionProperties) = preSolution
		HideSolutionNode = FALSE
	EndGlobalSection
	GlobalSection(ExtensibilityGlobals) = postSolution
		SolutionGuid = {FB505C66-6241-4268-936F-BAA622980865}
	EndGlobalSection
EndGlobal
